// !$*UTF8*$!
{
	archiveVersion = 1;
	classes = {
	};
	objectVersion = 46;
	objects = {

/* Begin PBXBuildFile section */
		6EA3D3F28780D6F57B8F6885 /* Pods_MyAsthmaAppTests.framework in Frameworks */ = {isa = PBXBuildFile; fileRef = 24E9423B10F166284DE9EE62 /* Pods_MyAsthmaAppTests.framework */; };
		7A02C8C09346EF6B5394419A /* Pods_MyAsthmaAppUITests.framework in Frameworks */ = {isa = PBXBuildFile; fileRef = CFA05D1FEDCC415AB5B4F307 /* Pods_MyAsthmaAppUITests.framework */; };
		84057BDE2053500A0003CE35 /* GoogleService-Info.plist in Resources */ = {isa = PBXBuildFile; fileRef = 84057BDD2053500A0003CE35 /* GoogleService-Info.plist */; };
		840CEEC7207EDB93003486D3 /* GMCNumberSubmissionViewController.swift in Sources */ = {isa = PBXBuildFile; fileRef = 840CEEC6207EDB93003486D3 /* GMCNumberSubmissionViewController.swift */; };
		84100021204EDF9000E90326 /* CareKit.framework in Frameworks */ = {isa = PBXBuildFile; fileRef = 8410001E204EDF7100E90326 /* CareKit.framework */; };
		84100022204EDF9000E90326 /* CareKit.framework in Embed Frameworks */ = {isa = PBXBuildFile; fileRef = 8410001E204EDF7100E90326 /* CareKit.framework */; settings = {ATTRIBUTES = (CodeSignOnCopy, RemoveHeadersOnCopy, ); }; };
		8410002F204EE01800E90326 /* ResearchKit.framework in Frameworks */ = {isa = PBXBuildFile; fileRef = 8410002C204EE00F00E90326 /* ResearchKit.framework */; };
		84100030204EE01800E90326 /* ResearchKit.framework in Embed Frameworks */ = {isa = PBXBuildFile; fileRef = 8410002C204EE00F00E90326 /* ResearchKit.framework */; settings = {ATTRIBUTES = (CodeSignOnCopy, RemoveHeadersOnCopy, ); }; };
		841DBB3C207EED23006F9E0B /* DoctorMainViewController.swift in Sources */ = {isa = PBXBuildFile; fileRef = 841DBB3B207EED23006F9E0B /* DoctorMainViewController.swift */; };
		841E772B208933D30071D4F8 /* DoctorRequestsViewController.swift in Sources */ = {isa = PBXBuildFile; fileRef = 841E772A208933D30071D4F8 /* DoctorRequestsViewController.swift */; };
		8426E2F8205E04AE001FD646 /* CarePlanData.swift in Sources */ = {isa = PBXBuildFile; fileRef = 8426E2F7205E04AE001FD646 /* CarePlanData.swift */; };
		84347FE6205074E800FEF667 /* MainTabViewController.swift in Sources */ = {isa = PBXBuildFile; fileRef = 84347FE5205074E800FEF667 /* MainTabViewController.swift */; };
		843886E620898636006FAAA1 /* RequestReviewViewController.swift in Sources */ = {isa = PBXBuildFile; fileRef = 843886E520898636006FAAA1 /* RequestReviewViewController.swift */; };
		843A192B2058C6B5002280FD /* User.swift in Sources */ = {isa = PBXBuildFile; fileRef = 843A192A2058C6B5002280FD /* User.swift */; };
		843FED0A2085260700D5ED84 /* DoctorsPatientsTableViewController.swift in Sources */ = {isa = PBXBuildFile; fileRef = 843FED092085260700D5ED84 /* DoctorsPatientsTableViewController.swift */; };
		843FED13208533BA00D5ED84 /* DoctorRootViewController.swift in Sources */ = {isa = PBXBuildFile; fileRef = 843FED12208533BA00D5ED84 /* DoctorRootViewController.swift */; };
		8446D2E220868D4600BFFE30 /* FirebaseManager.swift in Sources */ = {isa = PBXBuildFile; fileRef = 8446D2E120868D4600BFFE30 /* FirebaseManager.swift */; };
		8446D2E82086AA3A00BFFE30 /* ChangeActionPlanTableViewController.swift in Sources */ = {isa = PBXBuildFile; fileRef = 8446D2E72086AA3A00BFFE30 /* ChangeActionPlanTableViewController.swift */; };
		845708A92050D228007B49A8 /* WelcomeViewController.swift in Sources */ = {isa = PBXBuildFile; fileRef = 845708A82050D228007B49A8 /* WelcomeViewController.swift */; };
		845708AB2050D431007B49A8 /* LoginViewController.swift in Sources */ = {isa = PBXBuildFile; fileRef = 845708AA2050D431007B49A8 /* LoginViewController.swift */; };
		84615A34206FCB76007CE6B6 /* AddActivitiesViewController.swift in Sources */ = {isa = PBXBuildFile; fileRef = 84615A33206FCB76007CE6B6 /* AddActivitiesViewController.swift */; };
		846CA337204F663200AADA1A /* HealthBuilder.swift in Sources */ = {isa = PBXBuildFile; fileRef = 846CA336204F663200AADA1A /* HealthBuilder.swift */; };
		846CA33F204F7A3D00AADA1A /* RegistrationViewController.swift in Sources */ = {isa = PBXBuildFile; fileRef = 846CA33E204F7A3D00AADA1A /* RegistrationViewController.swift */; };
		846CA364204F7CFA00AADA1A /* HealthKit.framework in Frameworks */ = {isa = PBXBuildFile; fileRef = 846CA363204F7CFA00AADA1A /* HealthKit.framework */; };
		84723122207252860001582F /* ConfigurationTableViewController.swift in Sources */ = {isa = PBXBuildFile; fileRef = 84723121207252860001582F /* ConfigurationTableViewController.swift */; };
		8482C2F4208AA76300D2EDDF /* ActionPlanAlteringManager.swift in Sources */ = {isa = PBXBuildFile; fileRef = 8482C2F3208AA76200D2EDDF /* ActionPlanAlteringManager.swift */; };
		848FC3B2205C890B008429EE /* BuildInsightsOperation.swift in Sources */ = {isa = PBXBuildFile; fileRef = 848FC3B1205C890B008429EE /* BuildInsightsOperation.swift */; };
		84920B162072EB1E004E8498 /* PopUpDoctorCredentialsViewController.swift in Sources */ = {isa = PBXBuildFile; fileRef = 84920B152072EB1E004E8498 /* PopUpDoctorCredentialsViewController.swift */; };
		84920B1C2072F53C004E8498 /* AddAssessmentViewController.swift in Sources */ = {isa = PBXBuildFile; fileRef = 84920B1B2072F53C004E8498 /* AddAssessmentViewController.swift */; };
		84920B1E2072F558004E8498 /* AddNoteViewController.swift in Sources */ = {isa = PBXBuildFile; fileRef = 84920B1D2072F558004E8498 /* AddNoteViewController.swift */; };
		84920B202072F8CC004E8498 /* EndActivityViewController.swift in Sources */ = {isa = PBXBuildFile; fileRef = 84920B1F2072F8CC004E8498 /* EndActivityViewController.swift */; };
		84A05352205DF9250025D039 /* BackPain.swift in Sources */ = {isa = PBXBuildFile; fileRef = 84A05351205DF9250025D039 /* BackPain.swift */; };
		84A7D63A20530BD4003343D1 /* Main.storyboard in Resources */ = {isa = PBXBuildFile; fileRef = 84A7D63420530BD4003343D1 /* Main.storyboard */; };
		84AEC14E2079804C00506323 /* TaskBuilder.swift in Sources */ = {isa = PBXBuildFile; fileRef = 84AEC14D2079804C00506323 /* TaskBuilder.swift */; };
		84B61CF0207E69EB00F522A4 /* AddAssessmentPickerDelegates.swift in Sources */ = {isa = PBXBuildFile; fileRef = 84B61CEF207E69EB00F522A4 /* AddAssessmentPickerDelegates.swift */; };
		84BD186E205C16A600B37E16 /* QueryActivityEventsOperation.swift in Sources */ = {isa = PBXBuildFile; fileRef = 84BD186D205C16A600B37E16 /* QueryActivityEventsOperation.swift */; };
		84E17A312061DC120099631A /* TestActivity.swift in Sources */ = {isa = PBXBuildFile; fileRef = 84E17A302061DC120099631A /* TestActivity.swift */; };
		84E17A372061F2290099631A /* ActivityBuilder.swift in Sources */ = {isa = PBXBuildFile; fileRef = 84E17A362061F2290099631A /* ActivityBuilder.swift */; };
		84F7E7A1208965F1004AB137 /* ViewPatientRequestsTableViewController.swift in Sources */ = {isa = PBXBuildFile; fileRef = 84F7E7A0208965F1004AB137 /* ViewPatientRequestsTableViewController.swift */; };
		D3E385D2220C11F19AF25787 /* Pods_MyAsthmaApp.framework in Frameworks */ = {isa = PBXBuildFile; fileRef = 4DADF44F1E4BFA009EF0179B /* Pods_MyAsthmaApp.framework */; };
		DE1E33ED2042394E000E07F7 /* CarePlanStoreManager.swift in Sources */ = {isa = PBXBuildFile; fileRef = DE1E33EC2042394E000E07F7 /* CarePlanStoreManager.swift */; };
		DE561ABC204483160021E83A /* InsightsBuilder.swift in Sources */ = {isa = PBXBuildFile; fileRef = DE561ABB204483160021E83A /* InsightsBuilder.swift */; };
		DE7A099220499C27005A1593 /* TakeNurofen.swift in Sources */ = {isa = PBXBuildFile; fileRef = DE7A099120499C27005A1593 /* TakeNurofen.swift */; };
		DE7A09992049B251005A1593 /* Assessment.swift in Sources */ = {isa = PBXBuildFile; fileRef = DE7A09982049B251005A1593 /* Assessment.swift */; };
		DE7A099B2049B4FE005A1593 /* Blood Glucose.swift in Sources */ = {isa = PBXBuildFile; fileRef = DE7A099A2049B4FE005A1593 /* Blood Glucose.swift */; };
		DEB2BA9920470FFE009D60B5 /* Activity.swift in Sources */ = {isa = PBXBuildFile; fileRef = DEB2BA9820470FFE009D60B5 /* Activity.swift */; };
		DEB2BA9B20471093009D60B5 /* OutdoorWalk.swift in Sources */ = {isa = PBXBuildFile; fileRef = DEB2BA9A20471093009D60B5 /* OutdoorWalk.swift */; };
		DEE91CBA204227340024F76C /* AppDelegate.swift in Sources */ = {isa = PBXBuildFile; fileRef = DEE91CB9204227340024F76C /* AppDelegate.swift */; };
		DEE91CBC204227340024F76C /* RootViewController.swift in Sources */ = {isa = PBXBuildFile; fileRef = DEE91CBB204227340024F76C /* RootViewController.swift */; };
		DEE91CC2204227340024F76C /* MyAsthmaApp.xcdatamodeld in Sources */ = {isa = PBXBuildFile; fileRef = DEE91CC0204227340024F76C /* MyAsthmaApp.xcdatamodeld */; };
		DEE91CC4204227350024F76C /* Assets.xcassets in Resources */ = {isa = PBXBuildFile; fileRef = DEE91CC3204227350024F76C /* Assets.xcassets */; };
		DEE91CC7204227350024F76C /* LaunchScreen.storyboard in Resources */ = {isa = PBXBuildFile; fileRef = DEE91CC5204227350024F76C /* LaunchScreen.storyboard */; };
		DEE91CD2204227350024F76C /* MyAsthmaAppTests.swift in Sources */ = {isa = PBXBuildFile; fileRef = DEE91CD1204227350024F76C /* MyAsthmaAppTests.swift */; };
		DEE91CDD204227350024F76C /* MyAsthmaAppUITests.swift in Sources */ = {isa = PBXBuildFile; fileRef = DEE91CDC204227350024F76C /* MyAsthmaAppUITests.swift */; };
/* End PBXBuildFile section */

/* Begin PBXContainerItemProxy section */
		8410001D204EDF7100E90326 /* PBXContainerItemProxy */ = {
			isa = PBXContainerItemProxy;
			containerPortal = 84100017204EDF7000E90326 /* CareKit.xcodeproj */;
			proxyType = 2;
			remoteGlobalIDString = 8605A5BA1C4F04EC00DD65FF;
			remoteInfo = CareKit;
		};
		8410001F204EDF7100E90326 /* PBXContainerItemProxy */ = {
			isa = PBXContainerItemProxy;
			containerPortal = 84100017204EDF7000E90326 /* CareKit.xcodeproj */;
			proxyType = 2;
			remoteGlobalIDString = 8605A5C41C4F04EC00DD65FF;
			remoteInfo = CareKitTests;
		};
		84100023204EDF9000E90326 /* PBXContainerItemProxy */ = {
			isa = PBXContainerItemProxy;
			containerPortal = 84100017204EDF7000E90326 /* CareKit.xcodeproj */;
			proxyType = 1;
			remoteGlobalIDString = 8605A5B91C4F04EC00DD65FF;
			remoteInfo = CareKit;
		};
		8410002B204EE00F00E90326 /* PBXContainerItemProxy */ = {
			isa = PBXContainerItemProxy;
			containerPortal = 84100025204EE00F00E90326 /* ResearchKit.xcodeproj */;
			proxyType = 2;
			remoteGlobalIDString = B183A5951A8535D100C76870;
			remoteInfo = ResearchKit;
		};
		8410002D204EE00F00E90326 /* PBXContainerItemProxy */ = {
			isa = PBXContainerItemProxy;
			containerPortal = 84100025204EE00F00E90326 /* ResearchKit.xcodeproj */;
			proxyType = 2;
			remoteGlobalIDString = 86CC8E9A1AC09332001CCD89;
			remoteInfo = ResearchKitTests;
		};
		84100031204EE01800E90326 /* PBXContainerItemProxy */ = {
			isa = PBXContainerItemProxy;
			containerPortal = 84100025204EE00F00E90326 /* ResearchKit.xcodeproj */;
			proxyType = 1;
			remoteGlobalIDString = B183A4731A8535D100C76870;
			remoteInfo = ResearchKit;
		};
		DEE91CCE204227350024F76C /* PBXContainerItemProxy */ = {
			isa = PBXContainerItemProxy;
			containerPortal = DEE91CAE204227340024F76C /* Project object */;
			proxyType = 1;
			remoteGlobalIDString = DEE91CB5204227340024F76C;
			remoteInfo = MyAsthmaApp;
		};
		DEE91CD9204227350024F76C /* PBXContainerItemProxy */ = {
			isa = PBXContainerItemProxy;
			containerPortal = DEE91CAE204227340024F76C /* Project object */;
			proxyType = 1;
			remoteGlobalIDString = DEE91CB5204227340024F76C;
			remoteInfo = MyAsthmaApp;
		};
/* End PBXContainerItemProxy section */

/* Begin PBXCopyFilesBuildPhase section */
		DEE91CF82042276A0024F76C /* Embed Frameworks */ = {
			isa = PBXCopyFilesBuildPhase;
			buildActionMask = 2147483647;
			dstPath = "";
			dstSubfolderSpec = 10;
			files = (
				84100030204EE01800E90326 /* ResearchKit.framework in Embed Frameworks */,
				84100022204EDF9000E90326 /* CareKit.framework in Embed Frameworks */,
			);
			name = "Embed Frameworks";
			runOnlyForDeploymentPostprocessing = 0;
		};
/* End PBXCopyFilesBuildPhase section */

/* Begin PBXFileReference section */
		13C153FED730A2076BB877BD /* Pods-MyAsthmaAppUITests.debug.xcconfig */ = {isa = PBXFileReference; includeInIndex = 1; lastKnownFileType = text.xcconfig; name = "Pods-MyAsthmaAppUITests.debug.xcconfig"; path = "Pods/Target Support Files/Pods-MyAsthmaAppUITests/Pods-MyAsthmaAppUITests.debug.xcconfig"; sourceTree = "<group>"; };
		24E9423B10F166284DE9EE62 /* Pods_MyAsthmaAppTests.framework */ = {isa = PBXFileReference; explicitFileType = wrapper.framework; includeInIndex = 0; path = Pods_MyAsthmaAppTests.framework; sourceTree = BUILT_PRODUCTS_DIR; };
		2635C64F6CF31B65B46B1510 /* Pods-MyAsthmaApp.release.xcconfig */ = {isa = PBXFileReference; includeInIndex = 1; lastKnownFileType = text.xcconfig; name = "Pods-MyAsthmaApp.release.xcconfig"; path = "Pods/Target Support Files/Pods-MyAsthmaApp/Pods-MyAsthmaApp.release.xcconfig"; sourceTree = "<group>"; };
		2830D33DA3739EF77C9BDE85 /* Pods-MyAsthmaAppUITests.release.xcconfig */ = {isa = PBXFileReference; includeInIndex = 1; lastKnownFileType = text.xcconfig; name = "Pods-MyAsthmaAppUITests.release.xcconfig"; path = "Pods/Target Support Files/Pods-MyAsthmaAppUITests/Pods-MyAsthmaAppUITests.release.xcconfig"; sourceTree = "<group>"; };
		4DADF44F1E4BFA009EF0179B /* Pods_MyAsthmaApp.framework */ = {isa = PBXFileReference; explicitFileType = wrapper.framework; includeInIndex = 0; path = Pods_MyAsthmaApp.framework; sourceTree = BUILT_PRODUCTS_DIR; };
		70853904A18F4D39C44C6121 /* Pods-MyAsthmaAppTests.release.xcconfig */ = {isa = PBXFileReference; includeInIndex = 1; lastKnownFileType = text.xcconfig; name = "Pods-MyAsthmaAppTests.release.xcconfig"; path = "Pods/Target Support Files/Pods-MyAsthmaAppTests/Pods-MyAsthmaAppTests.release.xcconfig"; sourceTree = "<group>"; };
		84057BDD2053500A0003CE35 /* GoogleService-Info.plist */ = {isa = PBXFileReference; fileEncoding = 4; lastKnownFileType = text.plist.xml; path = "GoogleService-Info.plist"; sourceTree = "<group>"; };
		840CEEC6207EDB93003486D3 /* GMCNumberSubmissionViewController.swift */ = {isa = PBXFileReference; lastKnownFileType = sourcecode.swift; path = GMCNumberSubmissionViewController.swift; sourceTree = "<group>"; };
		84100017204EDF7000E90326 /* CareKit.xcodeproj */ = {isa = PBXFileReference; lastKnownFileType = "wrapper.pb-project"; name = CareKit.xcodeproj; path = ../../../../CareKit/carekit/CareKit.xcodeproj; sourceTree = "<group>"; };
		84100025204EE00F00E90326 /* ResearchKit.xcodeproj */ = {isa = PBXFileReference; lastKnownFileType = "wrapper.pb-project"; name = ResearchKit.xcodeproj; path = ../../../../ResearchKIt/ResearchKit/ResearchKit.xcodeproj; sourceTree = "<group>"; };
		841DBB3B207EED23006F9E0B /* DoctorMainViewController.swift */ = {isa = PBXFileReference; lastKnownFileType = sourcecode.swift; path = DoctorMainViewController.swift; sourceTree = "<group>"; };
		841E772A208933D30071D4F8 /* DoctorRequestsViewController.swift */ = {isa = PBXFileReference; lastKnownFileType = sourcecode.swift; path = DoctorRequestsViewController.swift; sourceTree = "<group>"; };
		8426E2F7205E04AE001FD646 /* CarePlanData.swift */ = {isa = PBXFileReference; fileEncoding = 4; lastKnownFileType = sourcecode.swift; path = CarePlanData.swift; sourceTree = "<group>"; };
		84347FE5205074E800FEF667 /* MainTabViewController.swift */ = {isa = PBXFileReference; lastKnownFileType = sourcecode.swift; path = MainTabViewController.swift; sourceTree = "<group>"; };
		843886E520898636006FAAA1 /* RequestReviewViewController.swift */ = {isa = PBXFileReference; lastKnownFileType = sourcecode.swift; path = RequestReviewViewController.swift; sourceTree = "<group>"; };
		843A192A2058C6B5002280FD /* User.swift */ = {isa = PBXFileReference; lastKnownFileType = sourcecode.swift; path = User.swift; sourceTree = "<group>"; };
		843FED092085260700D5ED84 /* DoctorsPatientsTableViewController.swift */ = {isa = PBXFileReference; lastKnownFileType = sourcecode.swift; path = DoctorsPatientsTableViewController.swift; sourceTree = "<group>"; };
		843FED12208533BA00D5ED84 /* DoctorRootViewController.swift */ = {isa = PBXFileReference; lastKnownFileType = sourcecode.swift; path = DoctorRootViewController.swift; sourceTree = "<group>"; };
		8446D2E120868D4600BFFE30 /* FirebaseManager.swift */ = {isa = PBXFileReference; lastKnownFileType = sourcecode.swift; path = FirebaseManager.swift; sourceTree = "<group>"; };
		8446D2E72086AA3A00BFFE30 /* ChangeActionPlanTableViewController.swift */ = {isa = PBXFileReference; lastKnownFileType = sourcecode.swift; path = ChangeActionPlanTableViewController.swift; sourceTree = "<group>"; };
		845708A82050D228007B49A8 /* WelcomeViewController.swift */ = {isa = PBXFileReference; lastKnownFileType = sourcecode.swift; path = WelcomeViewController.swift; sourceTree = "<group>"; };
		845708AA2050D431007B49A8 /* LoginViewController.swift */ = {isa = PBXFileReference; lastKnownFileType = sourcecode.swift; path = LoginViewController.swift; sourceTree = "<group>"; };
		84615A33206FCB76007CE6B6 /* AddActivitiesViewController.swift */ = {isa = PBXFileReference; lastKnownFileType = sourcecode.swift; path = AddActivitiesViewController.swift; sourceTree = "<group>"; };
		846CA336204F663200AADA1A /* HealthBuilder.swift */ = {isa = PBXFileReference; lastKnownFileType = sourcecode.swift; path = HealthBuilder.swift; sourceTree = "<group>"; };
		846CA33E204F7A3D00AADA1A /* RegistrationViewController.swift */ = {isa = PBXFileReference; lastKnownFileType = sourcecode.swift; path = RegistrationViewController.swift; sourceTree = "<group>"; };
		846CA363204F7CFA00AADA1A /* HealthKit.framework */ = {isa = PBXFileReference; lastKnownFileType = wrapper.framework; name = HealthKit.framework; path = System/Library/Frameworks/HealthKit.framework; sourceTree = SDKROOT; };
		84723121207252860001582F /* ConfigurationTableViewController.swift */ = {isa = PBXFileReference; lastKnownFileType = sourcecode.swift; path = ConfigurationTableViewController.swift; sourceTree = "<group>"; };
		8482C2F3208AA76200D2EDDF /* ActionPlanAlteringManager.swift */ = {isa = PBXFileReference; lastKnownFileType = sourcecode.swift; path = ActionPlanAlteringManager.swift; sourceTree = "<group>"; };
		848FC3B1205C890B008429EE /* BuildInsightsOperation.swift */ = {isa = PBXFileReference; lastKnownFileType = sourcecode.swift; path = BuildInsightsOperation.swift; sourceTree = "<group>"; };
		84920B152072EB1E004E8498 /* PopUpDoctorCredentialsViewController.swift */ = {isa = PBXFileReference; lastKnownFileType = sourcecode.swift; path = PopUpDoctorCredentialsViewController.swift; sourceTree = "<group>"; };
		84920B1B2072F53C004E8498 /* AddAssessmentViewController.swift */ = {isa = PBXFileReference; lastKnownFileType = sourcecode.swift; path = AddAssessmentViewController.swift; sourceTree = "<group>"; };
		84920B1D2072F558004E8498 /* AddNoteViewController.swift */ = {isa = PBXFileReference; lastKnownFileType = sourcecode.swift; path = AddNoteViewController.swift; sourceTree = "<group>"; };
		84920B1F2072F8CC004E8498 /* EndActivityViewController.swift */ = {isa = PBXFileReference; lastKnownFileType = sourcecode.swift; path = EndActivityViewController.swift; sourceTree = "<group>"; };
		84A05351205DF9250025D039 /* BackPain.swift */ = {isa = PBXFileReference; lastKnownFileType = sourcecode.swift; path = BackPain.swift; sourceTree = "<group>"; };
		84A7D63520530BD4003343D1 /* Base */ = {isa = PBXFileReference; lastKnownFileType = file.storyboard; name = Base; path = Base.lproj/Main.storyboard; sourceTree = "<group>"; };
		84AEC14D2079804C00506323 /* TaskBuilder.swift */ = {isa = PBXFileReference; lastKnownFileType = sourcecode.swift; path = TaskBuilder.swift; sourceTree = "<group>"; };
		84B61CEF207E69EB00F522A4 /* AddAssessmentPickerDelegates.swift */ = {isa = PBXFileReference; lastKnownFileType = sourcecode.swift; path = AddAssessmentPickerDelegates.swift; sourceTree = "<group>"; };
		84BD186D205C16A600B37E16 /* QueryActivityEventsOperation.swift */ = {isa = PBXFileReference; lastKnownFileType = sourcecode.swift; path = QueryActivityEventsOperation.swift; sourceTree = "<group>"; };
		84E17A302061DC120099631A /* TestActivity.swift */ = {isa = PBXFileReference; lastKnownFileType = sourcecode.swift; path = TestActivity.swift; sourceTree = "<group>"; };
		84E17A362061F2290099631A /* ActivityBuilder.swift */ = {isa = PBXFileReference; lastKnownFileType = sourcecode.swift; path = ActivityBuilder.swift; sourceTree = "<group>"; };
		84F7E7A0208965F1004AB137 /* ViewPatientRequestsTableViewController.swift */ = {isa = PBXFileReference; lastKnownFileType = sourcecode.swift; path = ViewPatientRequestsTableViewController.swift; sourceTree = "<group>"; };
		8FE2829DCEF363BD0587129A /* Pods-MyAsthmaAppTests.debug.xcconfig */ = {isa = PBXFileReference; includeInIndex = 1; lastKnownFileType = text.xcconfig; name = "Pods-MyAsthmaAppTests.debug.xcconfig"; path = "Pods/Target Support Files/Pods-MyAsthmaAppTests/Pods-MyAsthmaAppTests.debug.xcconfig"; sourceTree = "<group>"; };
		CFA05D1FEDCC415AB5B4F307 /* Pods_MyAsthmaAppUITests.framework */ = {isa = PBXFileReference; explicitFileType = wrapper.framework; includeInIndex = 0; path = Pods_MyAsthmaAppUITests.framework; sourceTree = BUILT_PRODUCTS_DIR; };
		DD397D48662DFB18014785E7 /* Pods-MyAsthmaApp.debug.xcconfig */ = {isa = PBXFileReference; includeInIndex = 1; lastKnownFileType = text.xcconfig; name = "Pods-MyAsthmaApp.debug.xcconfig"; path = "Pods/Target Support Files/Pods-MyAsthmaApp/Pods-MyAsthmaApp.debug.xcconfig"; sourceTree = "<group>"; };
		DE1E33EC2042394E000E07F7 /* CarePlanStoreManager.swift */ = {isa = PBXFileReference; fileEncoding = 4; lastKnownFileType = sourcecode.swift; path = CarePlanStoreManager.swift; sourceTree = "<group>"; };
		DE561ABB204483160021E83A /* InsightsBuilder.swift */ = {isa = PBXFileReference; fileEncoding = 4; lastKnownFileType = sourcecode.swift; path = InsightsBuilder.swift; sourceTree = "<group>"; };
		DE7A099120499C27005A1593 /* TakeNurofen.swift */ = {isa = PBXFileReference; fileEncoding = 4; lastKnownFileType = sourcecode.swift; path = TakeNurofen.swift; sourceTree = "<group>"; };
		DE7A09982049B251005A1593 /* Assessment.swift */ = {isa = PBXFileReference; fileEncoding = 4; lastKnownFileType = sourcecode.swift; path = Assessment.swift; sourceTree = "<group>"; };
		DE7A099A2049B4FE005A1593 /* Blood Glucose.swift */ = {isa = PBXFileReference; fileEncoding = 4; lastKnownFileType = sourcecode.swift; path = "Blood Glucose.swift"; sourceTree = "<group>"; };
		DEB2BA9820470FFE009D60B5 /* Activity.swift */ = {isa = PBXFileReference; fileEncoding = 4; lastKnownFileType = sourcecode.swift; name = Activity.swift; path = ../Activity.swift; sourceTree = "<group>"; };
		DEB2BA9A20471093009D60B5 /* OutdoorWalk.swift */ = {isa = PBXFileReference; fileEncoding = 4; lastKnownFileType = sourcecode.swift; path = OutdoorWalk.swift; sourceTree = "<group>"; };
		DEE91CB6204227340024F76C /* MyAsthmaApp.app */ = {isa = PBXFileReference; explicitFileType = wrapper.application; includeInIndex = 0; path = MyAsthmaApp.app; sourceTree = BUILT_PRODUCTS_DIR; };
		DEE91CB9204227340024F76C /* AppDelegate.swift */ = {isa = PBXFileReference; lastKnownFileType = sourcecode.swift; path = AppDelegate.swift; sourceTree = "<group>"; };
		DEE91CBB204227340024F76C /* RootViewController.swift */ = {isa = PBXFileReference; lastKnownFileType = sourcecode.swift; path = RootViewController.swift; sourceTree = "<group>"; };
		DEE91CC1204227340024F76C /* MyAsthmaApp.xcdatamodel */ = {isa = PBXFileReference; lastKnownFileType = wrapper.xcdatamodel; path = MyAsthmaApp.xcdatamodel; sourceTree = "<group>"; };
		DEE91CC3204227350024F76C /* Assets.xcassets */ = {isa = PBXFileReference; lastKnownFileType = folder.assetcatalog; path = Assets.xcassets; sourceTree = "<group>"; };
		DEE91CC6204227350024F76C /* Base */ = {isa = PBXFileReference; lastKnownFileType = file.storyboard; name = Base; path = Base.lproj/LaunchScreen.storyboard; sourceTree = "<group>"; };
		DEE91CC8204227350024F76C /* Info.plist */ = {isa = PBXFileReference; lastKnownFileType = text.plist.xml; path = Info.plist; sourceTree = "<group>"; };
		DEE91CCD204227350024F76C /* MyAsthmaAppTests.xctest */ = {isa = PBXFileReference; explicitFileType = wrapper.cfbundle; includeInIndex = 0; path = MyAsthmaAppTests.xctest; sourceTree = BUILT_PRODUCTS_DIR; };
		DEE91CD1204227350024F76C /* MyAsthmaAppTests.swift */ = {isa = PBXFileReference; lastKnownFileType = sourcecode.swift; path = MyAsthmaAppTests.swift; sourceTree = "<group>"; };
		DEE91CD3204227350024F76C /* Info.plist */ = {isa = PBXFileReference; lastKnownFileType = text.plist.xml; path = Info.plist; sourceTree = "<group>"; };
		DEE91CD8204227350024F76C /* MyAsthmaAppUITests.xctest */ = {isa = PBXFileReference; explicitFileType = wrapper.cfbundle; includeInIndex = 0; path = MyAsthmaAppUITests.xctest; sourceTree = BUILT_PRODUCTS_DIR; };
		DEE91CDC204227350024F76C /* MyAsthmaAppUITests.swift */ = {isa = PBXFileReference; lastKnownFileType = sourcecode.swift; path = MyAsthmaAppUITests.swift; sourceTree = "<group>"; };
		DEE91CDE204227350024F76C /* Info.plist */ = {isa = PBXFileReference; lastKnownFileType = text.plist.xml; path = Info.plist; sourceTree = "<group>"; };
/* End PBXFileReference section */

/* Begin PBXFrameworksBuildPhase section */
		DEE91CB3204227340024F76C /* Frameworks */ = {
			isa = PBXFrameworksBuildPhase;
			buildActionMask = 2147483647;
			files = (
				846CA364204F7CFA00AADA1A /* HealthKit.framework in Frameworks */,
				8410002F204EE01800E90326 /* ResearchKit.framework in Frameworks */,
				84100021204EDF9000E90326 /* CareKit.framework in Frameworks */,
				D3E385D2220C11F19AF25787 /* Pods_MyAsthmaApp.framework in Frameworks */,
			);
			runOnlyForDeploymentPostprocessing = 0;
		};
		DEE91CCA204227350024F76C /* Frameworks */ = {
			isa = PBXFrameworksBuildPhase;
			buildActionMask = 2147483647;
			files = (
				6EA3D3F28780D6F57B8F6885 /* Pods_MyAsthmaAppTests.framework in Frameworks */,
			);
			runOnlyForDeploymentPostprocessing = 0;
		};
		DEE91CD5204227350024F76C /* Frameworks */ = {
			isa = PBXFrameworksBuildPhase;
			buildActionMask = 2147483647;
			files = (
				7A02C8C09346EF6B5394419A /* Pods_MyAsthmaAppUITests.framework in Frameworks */,
			);
			runOnlyForDeploymentPostprocessing = 0;
		};
/* End PBXFrameworksBuildPhase section */

/* Begin PBXGroup section */
		08A5B790BF4E689E6EB2AF33 /* Pods */ = {
			isa = PBXGroup;
			children = (
				DD397D48662DFB18014785E7 /* Pods-MyAsthmaApp.debug.xcconfig */,
				2635C64F6CF31B65B46B1510 /* Pods-MyAsthmaApp.release.xcconfig */,
				8FE2829DCEF363BD0587129A /* Pods-MyAsthmaAppTests.debug.xcconfig */,
				70853904A18F4D39C44C6121 /* Pods-MyAsthmaAppTests.release.xcconfig */,
				13C153FED730A2076BB877BD /* Pods-MyAsthmaAppUITests.debug.xcconfig */,
				2830D33DA3739EF77C9BDE85 /* Pods-MyAsthmaAppUITests.release.xcconfig */,
			);
			name = Pods;
			sourceTree = "<group>";
		};
		84057BDF205350160003CE35 /* Supporting files */ = {
			isa = PBXGroup;
			children = (
				DEE91CC8204227350024F76C /* Info.plist */,
				84057BDD2053500A0003CE35 /* GoogleService-Info.plist */,
			);
			name = "Supporting files";
			sourceTree = "<group>";
		};
		84100018204EDF7000E90326 /* Products */ = {
			isa = PBXGroup;
			children = (
				8410001E204EDF7100E90326 /* CareKit.framework */,
				84100020204EDF7100E90326 /* CareKitTests.xctest */,
			);
			name = Products;
			sourceTree = "<group>";
		};
		84100026204EE00F00E90326 /* Products */ = {
			isa = PBXGroup;
			children = (
				8410002C204EE00F00E90326 /* ResearchKit.framework */,
				8410002E204EE00F00E90326 /* ResearchKitTests.xctest */,
			);
			name = Products;
			sourceTree = "<group>";
		};
		843A19252058C68A002280FD /* Models */ = {
			isa = PBXGroup;
			children = (
				843A192A2058C6B5002280FD /* User.swift */,
			);
			name = Models;
			sourceTree = "<group>";
		};
		843FED1120852AA100D5ED84 /* Doctor's Interface Side */ = {
			isa = PBXGroup;
			children = (
				843FED12208533BA00D5ED84 /* DoctorRootViewController.swift */,
				841DBB3B207EED23006F9E0B /* DoctorMainViewController.swift */,
				843FED092085260700D5ED84 /* DoctorsPatientsTableViewController.swift */,
				841E772A208933D30071D4F8 /* DoctorRequestsViewController.swift */,
				843886E520898636006FAAA1 /* RequestReviewViewController.swift */,
			);
			name = "Doctor's Interface Side";
			sourceTree = "<group>";
		};
		846CA361204F7CEA00AADA1A /* Frameworks */ = {
			isa = PBXGroup;
			children = (
				846CA363204F7CFA00AADA1A /* HealthKit.framework */,
				4DADF44F1E4BFA009EF0179B /* Pods_MyAsthmaApp.framework */,
				24E9423B10F166284DE9EE62 /* Pods_MyAsthmaAppTests.framework */,
				CFA05D1FEDCC415AB5B4F307 /* Pods_MyAsthmaAppUITests.framework */,
			);
			name = Frameworks;
			sourceTree = "<group>";
		};
		84DC88A0205B5FC0001BBB1F /* Insights */ = {
			isa = PBXGroup;
			children = (
				DE561ABB204483160021E83A /* InsightsBuilder.swift */,
				84BD186D205C16A600B37E16 /* QueryActivityEventsOperation.swift */,
				848FC3B1205C890B008429EE /* BuildInsightsOperation.swift */,
			);
			name = Insights;
			sourceTree = "<group>";
		};
		DE7A09972049B234005A1593 /* Assessments */ = {
			isa = PBXGroup;
			children = (
				DE7A09982049B251005A1593 /* Assessment.swift */,
				DE7A099A2049B4FE005A1593 /* Blood Glucose.swift */,
				846CA336204F663200AADA1A /* HealthBuilder.swift */,
				84A05351205DF9250025D039 /* BackPain.swift */,
				84AEC14D2079804C00506323 /* TaskBuilder.swift */,
			);
			name = Assessments;
			sourceTree = "<group>";
		};
		DEB2BA9C204710F3009D60B5 /* Activities */ = {
			isa = PBXGroup;
			children = (
				DEB2BA9820470FFE009D60B5 /* Activity.swift */,
				84E17A362061F2290099631A /* ActivityBuilder.swift */,
				DEB2BA9A20471093009D60B5 /* OutdoorWalk.swift */,
				DE7A099120499C27005A1593 /* TakeNurofen.swift */,
				84E17A302061DC120099631A /* TestActivity.swift */,
			);
			name = Activities;
			sourceTree = "<group>";
		};
		DEE91CAD204227340024F76C = {
			isa = PBXGroup;
			children = (
				DEE91CB8204227340024F76C /* MyAsthmaApp */,
				DEE91CD0204227350024F76C /* MyAsthmaAppTests */,
				DEE91CDB204227350024F76C /* MyAsthmaAppUITests */,
				DEE91CB7204227340024F76C /* Products */,
				846CA361204F7CEA00AADA1A /* Frameworks */,
				08A5B790BF4E689E6EB2AF33 /* Pods */,
			);
			sourceTree = "<group>";
		};
		DEE91CB7204227340024F76C /* Products */ = {
			isa = PBXGroup;
			children = (
				DEE91CB6204227340024F76C /* MyAsthmaApp.app */,
				DEE91CCD204227350024F76C /* MyAsthmaAppTests.xctest */,
				DEE91CD8204227350024F76C /* MyAsthmaAppUITests.xctest */,
			);
			name = Products;
			sourceTree = "<group>";
		};
		DEE91CB8204227340024F76C /* MyAsthmaApp */ = {
			isa = PBXGroup;
			children = (
				84100025204EE00F00E90326 /* ResearchKit.xcodeproj */,
				84100017204EDF7000E90326 /* CareKit.xcodeproj */,
				DEE91CB9204227340024F76C /* AppDelegate.swift */,
				845708A82050D228007B49A8 /* WelcomeViewController.swift */,
				845708AA2050D431007B49A8 /* LoginViewController.swift */,
				846CA33E204F7A3D00AADA1A /* RegistrationViewController.swift */,
				84347FE5205074E800FEF667 /* MainTabViewController.swift */,
				DEE91CBB204227340024F76C /* RootViewController.swift */,
				DE1E33EC2042394E000E07F7 /* CarePlanStoreManager.swift */,
				8426E2F7205E04AE001FD646 /* CarePlanData.swift */,
				84723121207252860001582F /* ConfigurationTableViewController.swift */,
				84920B152072EB1E004E8498 /* PopUpDoctorCredentialsViewController.swift */,
				84615A33206FCB76007CE6B6 /* AddActivitiesViewController.swift */,
				84A7D63420530BD4003343D1 /* Main.storyboard */,
				DEE91CC3204227350024F76C /* Assets.xcassets */,
				DEE91CC5204227350024F76C /* LaunchScreen.storyboard */,
				DEE91CC0204227340024F76C /* MyAsthmaApp.xcdatamodeld */,
				84DC88A0205B5FC0001BBB1F /* Insights */,
				843A19252058C68A002280FD /* Models */,
				84057BDF205350160003CE35 /* Supporting files */,
				DEB2BA9C204710F3009D60B5 /* Activities */,
				DE7A09972049B234005A1593 /* Assessments */,
				84920B1B2072F53C004E8498 /* AddAssessmentViewController.swift */,
				84B61CEF207E69EB00F522A4 /* AddAssessmentPickerDelegates.swift */,
				84920B1D2072F558004E8498 /* AddNoteViewController.swift */,
				84920B1F2072F8CC004E8498 /* EndActivityViewController.swift */,
				840CEEC6207EDB93003486D3 /* GMCNumberSubmissionViewController.swift */,
				84F7E7A0208965F1004AB137 /* ViewPatientRequestsTableViewController.swift */,
				843FED1120852AA100D5ED84 /* Doctor's Interface Side */,
				8446D2E120868D4600BFFE30 /* FirebaseManager.swift */,
				8482C2F3208AA76200D2EDDF /* ActionPlanAlteringManager.swift */,
				8446D2E72086AA3A00BFFE30 /* ChangeActionPlanTableViewController.swift */,
			);
			path = MyAsthmaApp;
			sourceTree = "<group>";
		};
		DEE91CD0204227350024F76C /* MyAsthmaAppTests */ = {
			isa = PBXGroup;
			children = (
				DEE91CD1204227350024F76C /* MyAsthmaAppTests.swift */,
				DEE91CD3204227350024F76C /* Info.plist */,
			);
			path = MyAsthmaAppTests;
			sourceTree = "<group>";
		};
		DEE91CDB204227350024F76C /* MyAsthmaAppUITests */ = {
			isa = PBXGroup;
			children = (
				DEE91CDC204227350024F76C /* MyAsthmaAppUITests.swift */,
				DEE91CDE204227350024F76C /* Info.plist */,
			);
			path = MyAsthmaAppUITests;
			sourceTree = "<group>";
		};
/* End PBXGroup section */

/* Begin PBXNativeTarget section */
		DEE91CB5204227340024F76C /* MyAsthmaApp */ = {
			isa = PBXNativeTarget;
			buildConfigurationList = DEE91CE1204227350024F76C /* Build configuration list for PBXNativeTarget "MyAsthmaApp" */;
			buildPhases = (
				6251D23A449606F16919C1D2 /* [CP] Check Pods Manifest.lock */,
				DEE91CB2204227340024F76C /* Sources */,
				DEE91CB3204227340024F76C /* Frameworks */,
				DEE91CB4204227340024F76C /* Resources */,
				DEE91CF82042276A0024F76C /* Embed Frameworks */,
				FAA3AC5D310143054020497E /* [CP] Embed Pods Frameworks */,
				2ABDB3C1B4667307D0E81B55 /* [CP] Copy Pods Resources */,
			);
			buildRules = (
			);
			dependencies = (
				84100024204EDF9000E90326 /* PBXTargetDependency */,
				84100032204EE01800E90326 /* PBXTargetDependency */,
			);
			name = MyAsthmaApp;
			productName = MyAsthmaApp;
			productReference = DEE91CB6204227340024F76C /* MyAsthmaApp.app */;
			productType = "com.apple.product-type.application";
		};
		DEE91CCC204227350024F76C /* MyAsthmaAppTests */ = {
			isa = PBXNativeTarget;
			buildConfigurationList = DEE91CE4204227350024F76C /* Build configuration list for PBXNativeTarget "MyAsthmaAppTests" */;
			buildPhases = (
				31F1F0774F5E5DC1943A3140 /* [CP] Check Pods Manifest.lock */,
				DEE91CC9204227350024F76C /* Sources */,
				DEE91CCA204227350024F76C /* Frameworks */,
				DEE91CCB204227350024F76C /* Resources */,
				BE2904777DFE0B26252F3747 /* [CP] Embed Pods Frameworks */,
				777BF03C46D15B251F636D5A /* [CP] Copy Pods Resources */,
			);
			buildRules = (
			);
			dependencies = (
				DEE91CCF204227350024F76C /* PBXTargetDependency */,
			);
			name = MyAsthmaAppTests;
			productName = MyAsthmaAppTests;
			productReference = DEE91CCD204227350024F76C /* MyAsthmaAppTests.xctest */;
			productType = "com.apple.product-type.bundle.unit-test";
		};
		DEE91CD7204227350024F76C /* MyAsthmaAppUITests */ = {
			isa = PBXNativeTarget;
			buildConfigurationList = DEE91CE7204227350024F76C /* Build configuration list for PBXNativeTarget "MyAsthmaAppUITests" */;
			buildPhases = (
				E39D5F1DFB8E7988384F8130 /* [CP] Check Pods Manifest.lock */,
				DEE91CD4204227350024F76C /* Sources */,
				DEE91CD5204227350024F76C /* Frameworks */,
				DEE91CD6204227350024F76C /* Resources */,
				B6D86374B8160EADE8439B15 /* [CP] Embed Pods Frameworks */,
				D928D54A3CCEAC7FE7716F8A /* [CP] Copy Pods Resources */,
			);
			buildRules = (
			);
			dependencies = (
				DEE91CDA204227350024F76C /* PBXTargetDependency */,
			);
			name = MyAsthmaAppUITests;
			productName = MyAsthmaAppUITests;
			productReference = DEE91CD8204227350024F76C /* MyAsthmaAppUITests.xctest */;
			productType = "com.apple.product-type.bundle.ui-testing";
		};
/* End PBXNativeTarget section */

/* Begin PBXProject section */
		DEE91CAE204227340024F76C /* Project object */ = {
			isa = PBXProject;
			attributes = {
				LastSwiftUpdateCheck = 0810;
				LastUpgradeCheck = 0920;
				ORGANIZATIONNAME = "Hristiyan Trifonov";
				TargetAttributes = {
					DEE91CB5204227340024F76C = {
						CreatedOnToolsVersion = 8.1;
						ProvisioningStyle = Automatic;
					};
					DEE91CCC204227350024F76C = {
						CreatedOnToolsVersion = 8.1;
						ProvisioningStyle = Automatic;
						TestTargetID = DEE91CB5204227340024F76C;
					};
					DEE91CD7204227350024F76C = {
						CreatedOnToolsVersion = 8.1;
						ProvisioningStyle = Automatic;
						TestTargetID = DEE91CB5204227340024F76C;
					};
				};
			};
			buildConfigurationList = DEE91CB1204227340024F76C /* Build configuration list for PBXProject "MyAsthmaApp" */;
			compatibilityVersion = "Xcode 3.2";
			developmentRegion = English;
			hasScannedForEncodings = 0;
			knownRegions = (
				en,
				Base,
			);
			mainGroup = DEE91CAD204227340024F76C;
			productRefGroup = DEE91CB7204227340024F76C /* Products */;
			projectDirPath = "";
			projectReferences = (
				{
					ProductGroup = 84100018204EDF7000E90326 /* Products */;
					ProjectRef = 84100017204EDF7000E90326 /* CareKit.xcodeproj */;
				},
				{
					ProductGroup = 84100026204EE00F00E90326 /* Products */;
					ProjectRef = 84100025204EE00F00E90326 /* ResearchKit.xcodeproj */;
				},
			);
			projectRoot = "";
			targets = (
				DEE91CB5204227340024F76C /* MyAsthmaApp */,
				DEE91CCC204227350024F76C /* MyAsthmaAppTests */,
				DEE91CD7204227350024F76C /* MyAsthmaAppUITests */,
			);
		};
/* End PBXProject section */

/* Begin PBXReferenceProxy section */
		8410001E204EDF7100E90326 /* CareKit.framework */ = {
			isa = PBXReferenceProxy;
			fileType = wrapper.framework;
			path = CareKit.framework;
			remoteRef = 8410001D204EDF7100E90326 /* PBXContainerItemProxy */;
			sourceTree = BUILT_PRODUCTS_DIR;
		};
		84100020204EDF7100E90326 /* CareKitTests.xctest */ = {
			isa = PBXReferenceProxy;
			fileType = wrapper.cfbundle;
			path = CareKitTests.xctest;
			remoteRef = 8410001F204EDF7100E90326 /* PBXContainerItemProxy */;
			sourceTree = BUILT_PRODUCTS_DIR;
		};
		8410002C204EE00F00E90326 /* ResearchKit.framework */ = {
			isa = PBXReferenceProxy;
			fileType = wrapper.framework;
			path = ResearchKit.framework;
			remoteRef = 8410002B204EE00F00E90326 /* PBXContainerItemProxy */;
			sourceTree = BUILT_PRODUCTS_DIR;
		};
		8410002E204EE00F00E90326 /* ResearchKitTests.xctest */ = {
			isa = PBXReferenceProxy;
			fileType = wrapper.cfbundle;
			path = ResearchKitTests.xctest;
			remoteRef = 8410002D204EE00F00E90326 /* PBXContainerItemProxy */;
			sourceTree = BUILT_PRODUCTS_DIR;
		};
/* End PBXReferenceProxy section */

/* Begin PBXResourcesBuildPhase section */
		DEE91CB4204227340024F76C /* Resources */ = {
			isa = PBXResourcesBuildPhase;
			buildActionMask = 2147483647;
			files = (
				84A7D63A20530BD4003343D1 /* Main.storyboard in Resources */,
				84057BDE2053500A0003CE35 /* GoogleService-Info.plist in Resources */,
				DEE91CC7204227350024F76C /* LaunchScreen.storyboard in Resources */,
				DEE91CC4204227350024F76C /* Assets.xcassets in Resources */,
			);
			runOnlyForDeploymentPostprocessing = 0;
		};
		DEE91CCB204227350024F76C /* Resources */ = {
			isa = PBXResourcesBuildPhase;
			buildActionMask = 2147483647;
			files = (
			);
			runOnlyForDeploymentPostprocessing = 0;
		};
		DEE91CD6204227350024F76C /* Resources */ = {
			isa = PBXResourcesBuildPhase;
			buildActionMask = 2147483647;
			files = (
			);
			runOnlyForDeploymentPostprocessing = 0;
		};
/* End PBXResourcesBuildPhase section */

/* Begin PBXShellScriptBuildPhase section */
		2ABDB3C1B4667307D0E81B55 /* [CP] Copy Pods Resources */ = {
			isa = PBXShellScriptBuildPhase;
			buildActionMask = 2147483647;
			files = (
			);
			inputPaths = (
			);
			name = "[CP] Copy Pods Resources";
			outputPaths = (
			);
			runOnlyForDeploymentPostprocessing = 0;
			shellPath = /bin/sh;
			shellScript = "\"${SRCROOT}/Pods/Target Support Files/Pods-MyAsthmaApp/Pods-MyAsthmaApp-resources.sh\"\n";
			showEnvVarsInLog = 0;
		};
		31F1F0774F5E5DC1943A3140 /* [CP] Check Pods Manifest.lock */ = {
			isa = PBXShellScriptBuildPhase;
			buildActionMask = 2147483647;
			files = (
			);
			inputPaths = (
			);
			name = "[CP] Check Pods Manifest.lock";
			outputPaths = (
			);
			runOnlyForDeploymentPostprocessing = 0;
			shellPath = /bin/sh;
			shellScript = "diff \"${PODS_PODFILE_DIR_PATH}/Podfile.lock\" \"${PODS_ROOT}/Manifest.lock\" > /dev/null\nif [ $? != 0 ] ; then\n    # print error to STDERR\n    echo \"error: The sandbox is not in sync with the Podfile.lock. Run 'pod install' or update your CocoaPods installation.\" >&2\n    exit 1\nfi\n";
			showEnvVarsInLog = 0;
		};
		6251D23A449606F16919C1D2 /* [CP] Check Pods Manifest.lock */ = {
			isa = PBXShellScriptBuildPhase;
			buildActionMask = 2147483647;
			files = (
			);
			inputPaths = (
			);
			name = "[CP] Check Pods Manifest.lock";
			outputPaths = (
			);
			runOnlyForDeploymentPostprocessing = 0;
			shellPath = /bin/sh;
			shellScript = "diff \"${PODS_PODFILE_DIR_PATH}/Podfile.lock\" \"${PODS_ROOT}/Manifest.lock\" > /dev/null\nif [ $? != 0 ] ; then\n    # print error to STDERR\n    echo \"error: The sandbox is not in sync with the Podfile.lock. Run 'pod install' or update your CocoaPods installation.\" >&2\n    exit 1\nfi\n";
			showEnvVarsInLog = 0;
		};
		777BF03C46D15B251F636D5A /* [CP] Copy Pods Resources */ = {
			isa = PBXShellScriptBuildPhase;
			buildActionMask = 2147483647;
			files = (
			);
			inputPaths = (
			);
			name = "[CP] Copy Pods Resources";
			outputPaths = (
			);
			runOnlyForDeploymentPostprocessing = 0;
			shellPath = /bin/sh;
			shellScript = "\"${SRCROOT}/Pods/Target Support Files/Pods-MyAsthmaAppTests/Pods-MyAsthmaAppTests-resources.sh\"\n";
			showEnvVarsInLog = 0;
		};
		B6D86374B8160EADE8439B15 /* [CP] Embed Pods Frameworks */ = {
			isa = PBXShellScriptBuildPhase;
			buildActionMask = 2147483647;
			files = (
			);
			inputPaths = (
			);
			name = "[CP] Embed Pods Frameworks";
			outputPaths = (
			);
			runOnlyForDeploymentPostprocessing = 0;
			shellPath = /bin/sh;
			shellScript = "\"${SRCROOT}/Pods/Target Support Files/Pods-MyAsthmaAppUITests/Pods-MyAsthmaAppUITests-frameworks.sh\"\n";
			showEnvVarsInLog = 0;
		};
		BE2904777DFE0B26252F3747 /* [CP] Embed Pods Frameworks */ = {
			isa = PBXShellScriptBuildPhase;
			buildActionMask = 2147483647;
			files = (
			);
			inputPaths = (
			);
			name = "[CP] Embed Pods Frameworks";
			outputPaths = (
			);
			runOnlyForDeploymentPostprocessing = 0;
			shellPath = /bin/sh;
			shellScript = "\"${SRCROOT}/Pods/Target Support Files/Pods-MyAsthmaAppTests/Pods-MyAsthmaAppTests-frameworks.sh\"\n";
			showEnvVarsInLog = 0;
		};
		D928D54A3CCEAC7FE7716F8A /* [CP] Copy Pods Resources */ = {
			isa = PBXShellScriptBuildPhase;
			buildActionMask = 2147483647;
			files = (
			);
			inputPaths = (
			);
			name = "[CP] Copy Pods Resources";
			outputPaths = (
			);
			runOnlyForDeploymentPostprocessing = 0;
			shellPath = /bin/sh;
			shellScript = "\"${SRCROOT}/Pods/Target Support Files/Pods-MyAsthmaAppUITests/Pods-MyAsthmaAppUITests-resources.sh\"\n";
			showEnvVarsInLog = 0;
		};
		E39D5F1DFB8E7988384F8130 /* [CP] Check Pods Manifest.lock */ = {
			isa = PBXShellScriptBuildPhase;
			buildActionMask = 2147483647;
			files = (
			);
			inputPaths = (
			);
			name = "[CP] Check Pods Manifest.lock";
			outputPaths = (
			);
			runOnlyForDeploymentPostprocessing = 0;
			shellPath = /bin/sh;
			shellScript = "diff \"${PODS_PODFILE_DIR_PATH}/Podfile.lock\" \"${PODS_ROOT}/Manifest.lock\" > /dev/null\nif [ $? != 0 ] ; then\n    # print error to STDERR\n    echo \"error: The sandbox is not in sync with the Podfile.lock. Run 'pod install' or update your CocoaPods installation.\" >&2\n    exit 1\nfi\n";
			showEnvVarsInLog = 0;
		};
		FAA3AC5D310143054020497E /* [CP] Embed Pods Frameworks */ = {
			isa = PBXShellScriptBuildPhase;
			buildActionMask = 2147483647;
			files = (
			);
			inputPaths = (
			);
			name = "[CP] Embed Pods Frameworks";
			outputPaths = (
			);
			runOnlyForDeploymentPostprocessing = 0;
			shellPath = /bin/sh;
			shellScript = "\"${SRCROOT}/Pods/Target Support Files/Pods-MyAsthmaApp/Pods-MyAsthmaApp-frameworks.sh\"\n";
			showEnvVarsInLog = 0;
		};
/* End PBXShellScriptBuildPhase section */

/* Begin PBXSourcesBuildPhase section */
		DEE91CB2204227340024F76C /* Sources */ = {
			isa = PBXSourcesBuildPhase;
			buildActionMask = 2147483647;
			files = (
				84723122207252860001582F /* ConfigurationTableViewController.swift in Sources */,
				DEE91CBC204227340024F76C /* RootViewController.swift in Sources */,
				84920B1E2072F558004E8498 /* AddNoteViewController.swift in Sources */,
				84920B1C2072F53C004E8498 /* AddAssessmentViewController.swift in Sources */,
				DEE91CBA204227340024F76C /* AppDelegate.swift in Sources */,
				846CA337204F663200AADA1A /* HealthBuilder.swift in Sources */,
				84F7E7A1208965F1004AB137 /* ViewPatientRequestsTableViewController.swift in Sources */,
				843886E620898636006FAAA1 /* RequestReviewViewController.swift in Sources */,
				846CA33F204F7A3D00AADA1A /* RegistrationViewController.swift in Sources */,
				84A05352205DF9250025D039 /* BackPain.swift in Sources */,
				841DBB3C207EED23006F9E0B /* DoctorMainViewController.swift in Sources */,
				84347FE6205074E800FEF667 /* MainTabViewController.swift in Sources */,
				845708A92050D228007B49A8 /* WelcomeViewController.swift in Sources */,
				8446D2E220868D4600BFFE30 /* FirebaseManager.swift in Sources */,
				84B61CF0207E69EB00F522A4 /* AddAssessmentPickerDelegates.swift in Sources */,
				843A192B2058C6B5002280FD /* User.swift in Sources */,
				DEE91CC2204227340024F76C /* MyAsthmaApp.xcdatamodeld in Sources */,
				840CEEC7207EDB93003486D3 /* GMCNumberSubmissionViewController.swift in Sources */,
				DE7A099B2049B4FE005A1593 /* Blood Glucose.swift in Sources */,
				848FC3B2205C890B008429EE /* BuildInsightsOperation.swift in Sources */,
				841E772B208933D30071D4F8 /* DoctorRequestsViewController.swift in Sources */,
				84E17A372061F2290099631A /* ActivityBuilder.swift in Sources */,
				84BD186E205C16A600B37E16 /* QueryActivityEventsOperation.swift in Sources */,
				84AEC14E2079804C00506323 /* TaskBuilder.swift in Sources */,
				84615A34206FCB76007CE6B6 /* AddActivitiesViewController.swift in Sources */,
				84920B202072F8CC004E8498 /* EndActivityViewController.swift in Sources */,
				84920B162072EB1E004E8498 /* PopUpDoctorCredentialsViewController.swift in Sources */,
				DE561ABC204483160021E83A /* InsightsBuilder.swift in Sources */,
				843FED13208533BA00D5ED84 /* DoctorRootViewController.swift in Sources */,
				DEB2BA9B20471093009D60B5 /* OutdoorWalk.swift in Sources */,
				8446D2E82086AA3A00BFFE30 /* ChangeActionPlanTableViewController.swift in Sources */,
				84E17A312061DC120099631A /* TestActivity.swift in Sources */,
				8426E2F8205E04AE001FD646 /* CarePlanData.swift in Sources */,
				DEB2BA9920470FFE009D60B5 /* Activity.swift in Sources */,
				845708AB2050D431007B49A8 /* LoginViewController.swift in Sources */,
				DE1E33ED2042394E000E07F7 /* CarePlanStoreManager.swift in Sources */,
				8482C2F4208AA76300D2EDDF /* ActionPlanAlteringManager.swift in Sources */,
				DE7A099220499C27005A1593 /* TakeNurofen.swift in Sources */,
				843FED0A2085260700D5ED84 /* DoctorsPatientsTableViewController.swift in Sources */,
				DE7A09992049B251005A1593 /* Assessment.swift in Sources */,
			);
			runOnlyForDeploymentPostprocessing = 0;
		};
		DEE91CC9204227350024F76C /* Sources */ = {
			isa = PBXSourcesBuildPhase;
			buildActionMask = 2147483647;
			files = (
				DEE91CD2204227350024F76C /* MyAsthmaAppTests.swift in Sources */,
			);
			runOnlyForDeploymentPostprocessing = 0;
		};
		DEE91CD4204227350024F76C /* Sources */ = {
			isa = PBXSourcesBuildPhase;
			buildActionMask = 2147483647;
			files = (
				DEE91CDD204227350024F76C /* MyAsthmaAppUITests.swift in Sources */,
			);
			runOnlyForDeploymentPostprocessing = 0;
		};
/* End PBXSourcesBuildPhase section */

/* Begin PBXTargetDependency section */
		84100024204EDF9000E90326 /* PBXTargetDependency */ = {
			isa = PBXTargetDependency;
			name = CareKit;
			targetProxy = 84100023204EDF9000E90326 /* PBXContainerItemProxy */;
		};
		84100032204EE01800E90326 /* PBXTargetDependency */ = {
			isa = PBXTargetDependency;
			name = ResearchKit;
			targetProxy = 84100031204EE01800E90326 /* PBXContainerItemProxy */;
		};
		DEE91CCF204227350024F76C /* PBXTargetDependency */ = {
			isa = PBXTargetDependency;
			target = DEE91CB5204227340024F76C /* MyAsthmaApp */;
			targetProxy = DEE91CCE204227350024F76C /* PBXContainerItemProxy */;
		};
		DEE91CDA204227350024F76C /* PBXTargetDependency */ = {
			isa = PBXTargetDependency;
			target = DEE91CB5204227340024F76C /* MyAsthmaApp */;
			targetProxy = DEE91CD9204227350024F76C /* PBXContainerItemProxy */;
		};
/* End PBXTargetDependency section */

/* Begin PBXVariantGroup section */
		84A7D63420530BD4003343D1 /* Main.storyboard */ = {
			isa = PBXVariantGroup;
			children = (
				84A7D63520530BD4003343D1 /* Base */,
			);
			name = Main.storyboard;
			sourceTree = "<group>";
		};
		DEE91CC5204227350024F76C /* LaunchScreen.storyboard */ = {
			isa = PBXVariantGroup;
			children = (
				DEE91CC6204227350024F76C /* Base */,
			);
			name = LaunchScreen.storyboard;
			sourceTree = "<group>";
		};
/* End PBXVariantGroup section */

/* Begin XCBuildConfiguration section */
		DEE91CDF204227350024F76C /* Debug */ = {
			isa = XCBuildConfiguration;
			buildSettings = {
				ALWAYS_SEARCH_USER_PATHS = NO;
				CLANG_ANALYZER_NONNULL = YES;
				CLANG_CXX_LANGUAGE_STANDARD = "gnu++0x";
				CLANG_CXX_LIBRARY = "libc++";
				CLANG_ENABLE_MODULES = YES;
				CLANG_ENABLE_OBJC_ARC = YES;
				CLANG_WARN_BLOCK_CAPTURE_AUTORELEASING = YES;
				CLANG_WARN_BOOL_CONVERSION = YES;
				CLANG_WARN_COMMA = YES;
				CLANG_WARN_CONSTANT_CONVERSION = YES;
				CLANG_WARN_DIRECT_OBJC_ISA_USAGE = YES_ERROR;
				CLANG_WARN_DOCUMENTATION_COMMENTS = YES;
				CLANG_WARN_EMPTY_BODY = YES;
				CLANG_WARN_ENUM_CONVERSION = YES;
				CLANG_WARN_INFINITE_RECURSION = YES;
				CLANG_WARN_INT_CONVERSION = YES;
				CLANG_WARN_NON_LITERAL_NULL_CONVERSION = YES;
				CLANG_WARN_OBJC_LITERAL_CONVERSION = YES;
				CLANG_WARN_OBJC_ROOT_CLASS = YES_ERROR;
				CLANG_WARN_RANGE_LOOP_ANALYSIS = YES;
				CLANG_WARN_STRICT_PROTOTYPES = YES;
				CLANG_WARN_SUSPICIOUS_MOVE = YES;
				CLANG_WARN_SUSPICIOUS_MOVES = YES;
				CLANG_WARN_UNREACHABLE_CODE = YES;
				CLANG_WARN__DUPLICATE_METHOD_MATCH = YES;
				"CODE_SIGN_IDENTITY[sdk=iphoneos*]" = "iPhone Developer";
				COPY_PHASE_STRIP = NO;
				DEBUG_INFORMATION_FORMAT = dwarf;
				ENABLE_STRICT_OBJC_MSGSEND = YES;
				ENABLE_TESTABILITY = YES;
				GCC_C_LANGUAGE_STANDARD = gnu99;
				GCC_DYNAMIC_NO_PIC = NO;
				GCC_NO_COMMON_BLOCKS = YES;
				GCC_OPTIMIZATION_LEVEL = 0;
				GCC_PREPROCESSOR_DEFINITIONS = (
					"DEBUG=1",
					"$(inherited)",
				);
				GCC_WARN_64_TO_32_BIT_CONVERSION = YES;
				GCC_WARN_ABOUT_RETURN_TYPE = YES_ERROR;
				GCC_WARN_UNDECLARED_SELECTOR = YES;
				GCC_WARN_UNINITIALIZED_AUTOS = YES_AGGRESSIVE;
				GCC_WARN_UNUSED_FUNCTION = YES;
				GCC_WARN_UNUSED_VARIABLE = YES;
				IPHONEOS_DEPLOYMENT_TARGET = 10.1;
				MTL_ENABLE_DEBUG_INFO = YES;
				ONLY_ACTIVE_ARCH = YES;
				SDKROOT = iphoneos;
				SWIFT_ACTIVE_COMPILATION_CONDITIONS = DEBUG;
				SWIFT_OPTIMIZATION_LEVEL = "-Onone";
				TARGETED_DEVICE_FAMILY = "1,2";
			};
			name = Debug;
		};
		DEE91CE0204227350024F76C /* Release */ = {
			isa = XCBuildConfiguration;
			buildSettings = {
				ALWAYS_SEARCH_USER_PATHS = NO;
				CLANG_ANALYZER_NONNULL = YES;
				CLANG_CXX_LANGUAGE_STANDARD = "gnu++0x";
				CLANG_CXX_LIBRARY = "libc++";
				CLANG_ENABLE_MODULES = YES;
				CLANG_ENABLE_OBJC_ARC = YES;
				CLANG_WARN_BLOCK_CAPTURE_AUTORELEASING = YES;
				CLANG_WARN_BOOL_CONVERSION = YES;
				CLANG_WARN_COMMA = YES;
				CLANG_WARN_CONSTANT_CONVERSION = YES;
				CLANG_WARN_DIRECT_OBJC_ISA_USAGE = YES_ERROR;
				CLANG_WARN_DOCUMENTATION_COMMENTS = YES;
				CLANG_WARN_EMPTY_BODY = YES;
				CLANG_WARN_ENUM_CONVERSION = YES;
				CLANG_WARN_INFINITE_RECURSION = YES;
				CLANG_WARN_INT_CONVERSION = YES;
				CLANG_WARN_NON_LITERAL_NULL_CONVERSION = YES;
				CLANG_WARN_OBJC_LITERAL_CONVERSION = YES;
				CLANG_WARN_OBJC_ROOT_CLASS = YES_ERROR;
				CLANG_WARN_RANGE_LOOP_ANALYSIS = YES;
				CLANG_WARN_STRICT_PROTOTYPES = YES;
				CLANG_WARN_SUSPICIOUS_MOVE = YES;
				CLANG_WARN_SUSPICIOUS_MOVES = YES;
				CLANG_WARN_UNREACHABLE_CODE = YES;
				CLANG_WARN__DUPLICATE_METHOD_MATCH = YES;
				"CODE_SIGN_IDENTITY[sdk=iphoneos*]" = "iPhone Developer";
				COPY_PHASE_STRIP = NO;
				DEBUG_INFORMATION_FORMAT = "dwarf-with-dsym";
				ENABLE_NS_ASSERTIONS = NO;
				ENABLE_STRICT_OBJC_MSGSEND = YES;
				GCC_C_LANGUAGE_STANDARD = gnu99;
				GCC_NO_COMMON_BLOCKS = YES;
				GCC_WARN_64_TO_32_BIT_CONVERSION = YES;
				GCC_WARN_ABOUT_RETURN_TYPE = YES_ERROR;
				GCC_WARN_UNDECLARED_SELECTOR = YES;
				GCC_WARN_UNINITIALIZED_AUTOS = YES_AGGRESSIVE;
				GCC_WARN_UNUSED_FUNCTION = YES;
				GCC_WARN_UNUSED_VARIABLE = YES;
				IPHONEOS_DEPLOYMENT_TARGET = 10.1;
				MTL_ENABLE_DEBUG_INFO = NO;
				SDKROOT = iphoneos;
				SWIFT_OPTIMIZATION_LEVEL = "-Owholemodule";
				TARGETED_DEVICE_FAMILY = "1,2";
				VALIDATE_PRODUCT = YES;
			};
			name = Release;
		};
		DEE91CE2204227350024F76C /* Debug */ = {
			isa = XCBuildConfiguration;
			baseConfigurationReference = DD397D48662DFB18014785E7 /* Pods-MyAsthmaApp.debug.xcconfig */;
			buildSettings = {
				ALWAYS_EMBED_SWIFT_STANDARD_LIBRARIES = YES;
				ASSETCATALOG_COMPILER_APPICON_NAME = AppIcon;
				INFOPLIST_FILE = MyAsthmaApp/Info.plist;
				LD_RUNPATH_SEARCH_PATHS = "$(inherited) @executable_path/Frameworks";
				PRODUCT_BUNDLE_IDENTIFIER = com.hristiyantrifonov.MyAsthmaApp;
				PRODUCT_NAME = "$(TARGET_NAME)";
				SWIFT_VERSION = 3.0;
			};
			name = Debug;
		};
		DEE91CE3204227350024F76C /* Release */ = {
			isa = XCBuildConfiguration;
			baseConfigurationReference = 2635C64F6CF31B65B46B1510 /* Pods-MyAsthmaApp.release.xcconfig */;
			buildSettings = {
				ALWAYS_EMBED_SWIFT_STANDARD_LIBRARIES = YES;
				ASSETCATALOG_COMPILER_APPICON_NAME = AppIcon;
				INFOPLIST_FILE = MyAsthmaApp/Info.plist;
				LD_RUNPATH_SEARCH_PATHS = "$(inherited) @executable_path/Frameworks";
				PRODUCT_BUNDLE_IDENTIFIER = com.hristiyantrifonov.MyAsthmaApp;
				PRODUCT_NAME = "$(TARGET_NAME)";
				SWIFT_VERSION = 3.0;
			};
			name = Release;
		};
		DEE91CE5204227350024F76C /* Debug */ = {
			isa = XCBuildConfiguration;
			baseConfigurationReference = 8FE2829DCEF363BD0587129A /* Pods-MyAsthmaAppTests.debug.xcconfig */;
			buildSettings = {
				ALWAYS_EMBED_SWIFT_STANDARD_LIBRARIES = YES;
				BUNDLE_LOADER = "$(TEST_HOST)";
				INFOPLIST_FILE = MyAsthmaAppTests/Info.plist;
				LD_RUNPATH_SEARCH_PATHS = "$(inherited) @executable_path/Frameworks @loader_path/Frameworks";
				PRODUCT_BUNDLE_IDENTIFIER = com.hristiyantrifonov.MyAsthmaAppTests;
				PRODUCT_NAME = "$(TARGET_NAME)";
				SWIFT_VERSION = 3.0;
				TEST_HOST = "$(BUILT_PRODUCTS_DIR)/MyAsthmaApp.app/MyAsthmaApp";
			};
			name = Debug;
		};
		DEE91CE6204227350024F76C /* Release */ = {
			isa = XCBuildConfiguration;
			baseConfigurationReference = 70853904A18F4D39C44C6121 /* Pods-MyAsthmaAppTests.release.xcconfig */;
			buildSettings = {
				ALWAYS_EMBED_SWIFT_STANDARD_LIBRARIES = YES;
				BUNDLE_LOADER = "$(TEST_HOST)";
				INFOPLIST_FILE = MyAsthmaAppTests/Info.plist;
				LD_RUNPATH_SEARCH_PATHS = "$(inherited) @executable_path/Frameworks @loader_path/Frameworks";
				PRODUCT_BUNDLE_IDENTIFIER = com.hristiyantrifonov.MyAsthmaAppTests;
				PRODUCT_NAME = "$(TARGET_NAME)";
				SWIFT_VERSION = 3.0;
				TEST_HOST = "$(BUILT_PRODUCTS_DIR)/MyAsthmaApp.app/MyAsthmaApp";
			};
			name = Release;
		};
		DEE91CE8204227350024F76C /* Debug */ = {
			isa = XCBuildConfiguration;
			baseConfigurationReference = 13C153FED730A2076BB877BD /* Pods-MyAsthmaAppUITests.debug.xcconfig */;
			buildSettings = {
				ALWAYS_EMBED_SWIFT_STANDARD_LIBRARIES = YES;
				INFOPLIST_FILE = MyAsthmaAppUITests/Info.plist;
				LD_RUNPATH_SEARCH_PATHS = "$(inherited) @executable_path/Frameworks @loader_path/Frameworks";
				PRODUCT_BUNDLE_IDENTIFIER = com.hristiyantrifonov.MyAsthmaAppUITests;
				PRODUCT_NAME = "$(TARGET_NAME)";
				SWIFT_VERSION = 3.0;
				TEST_TARGET_NAME = MyAsthmaApp;
			};
			name = Debug;
		};
		DEE91CE9204227350024F76C /* Release */ = {
			isa = XCBuildConfiguration;
			baseConfigurationReference = 2830D33DA3739EF77C9BDE85 /* Pods-MyAsthmaAppUITests.release.xcconfig */;
			buildSettings = {
				ALWAYS_EMBED_SWIFT_STANDARD_LIBRARIES = YES;
				INFOPLIST_FILE = MyAsthmaAppUITests/Info.plist;
				LD_RUNPATH_SEARCH_PATHS = "$(inherited) @executable_path/Frameworks @loader_path/Frameworks";
				PRODUCT_BUNDLE_IDENTIFIER = com.hristiyantrifonov.MyAsthmaAppUITests;
				PRODUCT_NAME = "$(TARGET_NAME)";
				SWIFT_VERSION = 3.0;
				TEST_TARGET_NAME = MyAsthmaApp;
			};
			name = Release;
		};
/* End XCBuildConfiguration section */

/* Begin XCConfigurationList section */
		DEE91CB1204227340024F76C /* Build configuration list for PBXProject "MyAsthmaApp" */ = {
			isa = XCConfigurationList;
			buildConfigurations = (
				DEE91CDF204227350024F76C /* Debug */,
				DEE91CE0204227350024F76C /* Release */,
			);
			defaultConfigurationIsVisible = 0;
			defaultConfigurationName = Release;
		};
		DEE91CE1204227350024F76C /* Build configuration list for PBXNativeTarget "MyAsthmaApp" */ = {
			isa = XCConfigurationList;
			buildConfigurations = (
				DEE91CE2204227350024F76C /* Debug */,
				DEE91CE3204227350024F76C /* Release */,
			);
			defaultConfigurationIsVisible = 0;
			defaultConfigurationName = Release;
		};
		DEE91CE4204227350024F76C /* Build configuration list for PBXNativeTarget "MyAsthmaAppTests" */ = {
			isa = XCConfigurationList;
			buildConfigurations = (
				DEE91CE5204227350024F76C /* Debug */,
				DEE91CE6204227350024F76C /* Release */,
			);
			defaultConfigurationIsVisible = 0;
			defaultConfigurationName = Release;
		};
		DEE91CE7204227350024F76C /* Build configuration list for PBXNativeTarget "MyAsthmaAppUITests" */ = {
			isa = XCConfigurationList;
			buildConfigurations = (
				DEE91CE8204227350024F76C /* Debug */,
				DEE91CE9204227350024F76C /* Release */,
			);
			defaultConfigurationIsVisible = 0;
			defaultConfigurationName = Release;
		};
/* End XCConfigurationList section */

/* Begin XCVersionGroup section */
		DEE91CC0204227340024F76C /* MyAsthmaApp.xcdatamodeld */ = {
			isa = XCVersionGroup;
			children = (
				DEE91CC1204227340024F76C /* MyAsthmaApp.xcdatamodel */,
			);
			currentVersion = DEE91CC1204227340024F76C /* MyAsthmaApp.xcdatamodel */;
			path = MyAsthmaApp.xcdatamodeld;
			sourceTree = "<group>";
			versionGroupType = wrapper.xcdatamodel;
		};
/* End XCVersionGroup section */
	};
	rootObject = DEE91CAE204227340024F76C /* Project object */;
}
